// !$*UTF8*$!
{
	archiveVersion = 1;
	classes = {
	};
	objectVersion = 46;
	objects = {

/* Begin PBXBuildFile section */
		8E0318E0143513210014FB18 /* SettingsViewController.mm in Sources */ = {isa = PBXBuildFile; fileRef = 8E0318DE143513200014FB18 /* SettingsViewController.mm */; };
		8E07EF49143240B500451568 /* pdr-icon-retina.png in Resources */ = {isa = PBXBuildFile; fileRef = 8E07EF471432407300451568 /* pdr-icon-retina.png */; };
		8E07EF4B1432416800451568 /* pdr-icon.png in Resources */ = {isa = PBXBuildFile; fileRef = 8E07EF4A1432416800451568 /* pdr-icon.png */; };
		8E08B585141E04AD0023729B /* matlab-utils.cpp in Sources */ = {isa = PBXBuildFile; fileRef = 8E08B584141E04AD0023729B /* matlab-utils.cpp */; };
		8E31D16814E96CB700A28A86 /* GLKit.framework in Frameworks */ = {isa = PBXBuildFile; fileRef = 8E31D16714E96CB700A28A86 /* GLKit.framework */; };
		8E3AF9FF1436159A00D88C95 /* settings.png in Resources */ = {isa = PBXBuildFile; fileRef = 8E3AF9FD1436159A00D88C95 /* settings.png */; };
		8E3AFA001436159A00D88C95 /* settings@2x.png in Resources */ = {isa = PBXBuildFile; fileRef = 8E3AF9FE1436159A00D88C95 /* settings@2x.png */; };
		8E58B4C016B02B0E009989C9 /* test04-ACC.txt in Resources */ = {isa = PBXBuildFile; fileRef = 8E58B4BE16B02B0E009989C9 /* test04-ACC.txt */; };
		8E58B4C116B02B0E009989C9 /* test04-GYRO.txt in Resources */ = {isa = PBXBuildFile; fileRef = 8E58B4BF16B02B0E009989C9 /* test04-GYRO.txt */; };
		8E58B4C216B02BDA009989C9 /* test04-ACC.txt in Resources */ = {isa = PBXBuildFile; fileRef = 8E58B4BE16B02B0E009989C9 /* test04-ACC.txt */; };
		8E58B4C316B02BE2009989C9 /* test04-GYRO.txt in Resources */ = {isa = PBXBuildFile; fileRef = 8E58B4BF16B02B0E009989C9 /* test04-GYRO.txt */; };
		8E5C0B22159A031700E1D21C /* gps-arrow.png in Resources */ = {isa = PBXBuildFile; fileRef = 8E5C0B20159A031600E1D21C /* gps-arrow.png */; };
		8E5C0B23159A031700E1D21C /* gps-arrow@2x.png in Resources */ = {isa = PBXBuildFile; fileRef = 8E5C0B21159A031700E1D21C /* gps-arrow@2x.png */; };
		8E5C0B4A159B77C000E1D21C /* gps-round-button-depressed.png in Resources */ = {isa = PBXBuildFile; fileRef = 8E5C0B48159B77C000E1D21C /* gps-round-button-depressed.png */; };
		8E5C0B4B159B77C000E1D21C /* gps-round-button-depressed@2x.png in Resources */ = {isa = PBXBuildFile; fileRef = 8E5C0B49159B77C000E1D21C /* gps-round-button-depressed@2x.png */; };
		8E5C0B4D159C72A200E1D21C /* gps-round-button-pressed@2x.png in Resources */ = {isa = PBXBuildFile; fileRef = 8E5C0B4C159C72A200E1D21C /* gps-round-button-pressed@2x.png */; };
		8E5C0B58159C7B5600E1D21C /* gps-round-button-pressed.png in Resources */ = {isa = PBXBuildFile; fileRef = 8E5C0B57159C7B5600E1D21C /* gps-round-button-pressed.png */; };
		8E9CDE4E15B859C300ADDC7E /* test03-ACC.txt in Resources */ = {isa = PBXBuildFile; fileRef = 8E9CDE4C15B859C300ADDC7E /* test03-ACC.txt */; };
		8E9CDE4F15B859C300ADDC7E /* test03-GYRO.txt in Resources */ = {isa = PBXBuildFile; fileRef = 8E9CDE4D15B859C300ADDC7E /* test03-GYRO.txt */; };
		8E9CDE5015B8680400ADDC7E /* test03-ACC.txt in Resources */ = {isa = PBXBuildFile; fileRef = 8E9CDE4C15B859C300ADDC7E /* test03-ACC.txt */; };
		8E9CDE5115B8680400ADDC7E /* test03-GYRO.txt in Resources */ = {isa = PBXBuildFile; fileRef = 8E9CDE4D15B859C300ADDC7E /* test03-GYRO.txt */; };
		8E9F366B14297D64006CE285 /* PDRController.mm in Sources */ = {isa = PBXBuildFile; fileRef = 8E9F366A14297D64006CE285 /* PDRController.mm */; };
		8E9F366C14297D9C006CE285 /* LocationEntry.m in Sources */ = {isa = PBXBuildFile; fileRef = 8E5525471429470C006D5D1D /* LocationEntry.m */; };
		8EDDDF98152B4C06007D31B4 /* PDRTests.mm in Sources */ = {isa = PBXBuildFile; fileRef = 8EDDDF97152B4C06007D31B4 /* PDRTests.mm */; };
		8EDDDF9B152B4C64007D31B4 /* FakeCMDeviceMotion.m in Sources */ = {isa = PBXBuildFile; fileRef = 8EDDDF9A152B4C64007D31B4 /* FakeCMDeviceMotion.m */; };
		B50128C4146C223300D8CDFF /* CoreImage.framework in Frameworks */ = {isa = PBXBuildFile; fileRef = B50128C1146C223300D8CDFF /* CoreImage.framework */; };
		B50128C5146C223300D8CDFF /* CoreMedia.framework in Frameworks */ = {isa = PBXBuildFile; fileRef = B50128C2146C223300D8CDFF /* CoreMedia.framework */; };
		B50128C6146C223300D8CDFF /* CoreVideo.framework in Frameworks */ = {isa = PBXBuildFile; fileRef = B50128C3146C223300D8CDFF /* CoreVideo.framework */; };
		B514BFC51A9FCA8900932149 /* dfki-2.OG-trimmed.png in Resources */ = {isa = PBXBuildFile; fileRef = B514BFC41A9FCA8900932149 /* dfki-2.OG-trimmed.png */; };
		B51D3D6C1AC367610059BE17 /* Images.xcassets in Resources */ = {isa = PBXBuildFile; fileRef = B51D3D6B1AC367610059BE17 /* Images.xcassets */; };
		B537006C15B7092A00757BE0 /* Settings.m in Sources */ = {isa = PBXBuildFile; fileRef = B537006B15B7092A00757BE0 /* Settings.m */; };
		B53AAF89156A7C3E00714192 /* OutdoorMapView.m in Sources */ = {isa = PBXBuildFile; fileRef = B53AAF88156A7C3E00714192 /* OutdoorMapView.m */; };
		B5403E631ABE133C00779B4D /* CompassWithoutCircleLarge.pdf in Resources */ = {isa = PBXBuildFile; fileRef = B5403E621ABE133B00779B4D /* CompassWithoutCircleLarge.pdf */; };
		B54276C914505C720072ACA5 /* AudioToolbox.framework in Frameworks */ = {isa = PBXBuildFile; fileRef = B54276C814505C720072ACA5 /* AudioToolbox.framework */; };
		B5499E811425E85700BA7177 /* AbstractSensor.m in Sources */ = {isa = PBXBuildFile; fileRef = B5499E7A1425E85600BA7177 /* AbstractSensor.m */; };
		B5499E831425E85700BA7177 /* Gyroscope.m in Sources */ = {isa = PBXBuildFile; fileRef = B5499E7E1425E85700BA7177 /* Gyroscope.m */; };
		B5499E841425E85700BA7177 /* CompassAndGPS.m in Sources */ = {isa = PBXBuildFile; fileRef = B5499E801425E85700BA7177 /* CompassAndGPS.m */; };
		B5499E8A1425E9A700BA7177 /* CoreMotion.framework in Frameworks */ = {isa = PBXBuildFile; fileRef = B5499E891425E9A700BA7177 /* CoreMotion.framework */; };
		B5617661146ABD4000945446 /* PantsPocketDetector.m in Sources */ = {isa = PBXBuildFile; fileRef = B5617660146ABD4000945446 /* PantsPocketDetector.m */; };
		B5617663146AC44000945446 /* AVFoundation.framework in Frameworks */ = {isa = PBXBuildFile; fileRef = B5617662146AC44000945446 /* AVFoundation.framework */; };
		B56F44BF1A38FED6009CEEF4 /* BLE_P2PExchange.m in Sources */ = {isa = PBXBuildFile; fileRef = B56F44BE1A38FED6009CEEF4 /* BLE_P2PExchange.m */; };
		B56F44C31A3A53F0009CEEF4 /* CoreBluetooth.framework in Frameworks */ = {isa = PBXBuildFile; fileRef = B56F44C21A3A53F0009CEEF4 /* CoreBluetooth.framework */; };
		B572E5BB1582215100132C40 /* itz-floorplanRotated.pdf in Resources */ = {isa = PBXBuildFile; fileRef = B572E5BA1582215100132C40 /* itz-floorplanRotated.pdf */; };
		B582BFF41ABEFB1F0049A0EE /* PeerAnnotation.m in Sources */ = {isa = PBXBuildFile; fileRef = B582BFF31ABEFB1F0049A0EE /* PeerAnnotation.m */; };
		B582BFF71ABF02020049A0EE /* pedestrian.pdf in Resources */ = {isa = PBXBuildFile; fileRef = B582BFF61ABF02020049A0EE /* pedestrian.pdf */; };
		B58C6B5D15A097D8005A88CD /* itz-grayHalf.png in Resources */ = {isa = PBXBuildFile; fileRef = B58C6B5C15A097D8005A88CD /* itz-grayHalf.png */; };
		B59295B2157F66FB008380CE /* PinAnnotation.m in Sources */ = {isa = PBXBuildFile; fileRef = B59295B1157F66FB008380CE /* PinAnnotation.m */; };
		B595D2E01407C01C00EB1A91 /* UIKit.framework in Frameworks */ = {isa = PBXBuildFile; fileRef = B595D2DF1407C01C00EB1A91 /* UIKit.framework */; };
		B595D2E21407C01C00EB1A91 /* Foundation.framework in Frameworks */ = {isa = PBXBuildFile; fileRef = B595D2E11407C01C00EB1A91 /* Foundation.framework */; };
		B595D2E41407C01C00EB1A91 /* CoreGraphics.framework in Frameworks */ = {isa = PBXBuildFile; fileRef = B595D2E31407C01C00EB1A91 /* CoreGraphics.framework */; };
		B595D2EA1407C01C00EB1A91 /* InfoPlist.strings in Resources */ = {isa = PBXBuildFile; fileRef = B595D2E81407C01C00EB1A91 /* InfoPlist.strings */; };
		B595D2EC1407C01C00EB1A91 /* main.m in Sources */ = {isa = PBXBuildFile; fileRef = B595D2EB1407C01C00EB1A91 /* main.m */; };
		B595D2F01407C01C00EB1A91 /* PDRAppDelegate.mm in Sources */ = {isa = PBXBuildFile; fileRef = B595D2EF1407C01C00EB1A91 /* PDRAppDelegate.mm */; };
		B595D2F31407C01C00EB1A91 /* MainWindow.xib in Resources */ = {isa = PBXBuildFile; fileRef = B595D2F11407C01C00EB1A91 /* MainWindow.xib */; };
		B595D2F61407C01C00EB1A91 /* FirstViewController.mm in Sources */ = {isa = PBXBuildFile; fileRef = B595D2F51407C01C00EB1A91 /* FirstViewController.mm */; };
		B595D3071407C01C00EB1A91 /* SenTestingKit.framework in Frameworks */ = {isa = PBXBuildFile; fileRef = B595D3061407C01C00EB1A91 /* SenTestingKit.framework */; };
		B595D3081407C01C00EB1A91 /* UIKit.framework in Frameworks */ = {isa = PBXBuildFile; fileRef = B595D2DF1407C01C00EB1A91 /* UIKit.framework */; };
		B595D3091407C01C00EB1A91 /* Foundation.framework in Frameworks */ = {isa = PBXBuildFile; fileRef = B595D2E11407C01C00EB1A91 /* Foundation.framework */; };
		B595D30A1407C01C00EB1A91 /* CoreGraphics.framework in Frameworks */ = {isa = PBXBuildFile; fileRef = B595D2E31407C01C00EB1A91 /* CoreGraphics.framework */; };
		B595D3121407C01D00EB1A91 /* InfoPlist.strings in Resources */ = {isa = PBXBuildFile; fileRef = B595D3101407C01D00EB1A91 /* InfoPlist.strings */; };
		B595D3141407C01D00EB1A91 /* PDRTests.h in Resources */ = {isa = PBXBuildFile; fileRef = B595D3131407C01D00EB1A91 /* PDRTests.h */; };
		B595D33B1407C0E000EB1A91 /* CoreLocation.framework in Frameworks */ = {isa = PBXBuildFile; fileRef = B595D3391407C0E000EB1A91 /* CoreLocation.framework */; };
		B595D33C1407C0E000EB1A91 /* QuartzCore.framework in Frameworks */ = {isa = PBXBuildFile; fileRef = B595D33A1407C0E000EB1A91 /* QuartzCore.framework */; };
		B59BD119156443DB00433C17 /* GeodeticProjection.m in Sources */ = {isa = PBXBuildFile; fileRef = B59BD118156443DB00433C17 /* GeodeticProjection.m */; };
		B5A3B01014CC6140004A0E54 /* Accelerate.framework in Frameworks */ = {isa = PBXBuildFile; fileRef = B5A3B00E14CC6140004A0E54 /* Accelerate.framework */; };
		B5A3B01114CC6140004A0E54 /* CoreAudio.framework in Frameworks */ = {isa = PBXBuildFile; fileRef = B5A3B00F14CC6140004A0E54 /* CoreAudio.framework */; };
		B5BD2DE01ACB4BD7001C22ED /* fullSignal.pdf in Resources */ = {isa = PBXBuildFile; fileRef = B5BD2DDE1ACB4BD7001C22ED /* fullSignal.pdf */; };
		B5BD2DE11ACB4BD7001C22ED /* lowSignal.pdf in Resources */ = {isa = PBXBuildFile; fileRef = B5BD2DDF1ACB4BD7001C22ED /* lowSignal.pdf */; };
		B5BDDC19142FDC700044F56B /* GameKit.framework in Frameworks */ = {isa = PBXBuildFile; fileRef = B5BDDC18142FDC700044F56B /* GameKit.framework */; };
		B5C6809C156667A80099AB49 /* MapKit.framework in Frameworks */ = {isa = PBXBuildFile; fileRef = B5C6809B156667A80099AB49 /* MapKit.framework */; };
		B5D068B91581ED8D005A1C83 /* FloorPlanOverlay.m in Sources */ = {isa = PBXBuildFile; fileRef = B5D068B81581ED8D005A1C83 /* FloorPlanOverlay.m */; };
		B5D068BD1581EDC6005A1C83 /* FloorPlanOverlayView.m in Sources */ = {isa = PBXBuildFile; fileRef = B5D068BC1581EDC6005A1C83 /* FloorPlanOverlayView.m */; };
		B5DD31BA14FD2DF0006D1F35 /* cymbalsShort.aiff in Resources */ = {isa = PBXBuildFile; fileRef = B5DD31B914FD2DF0006D1F35 /* cymbalsShort.aiff */; };
		B5DF906B147D0DB900A39293 /* AlertSoundPlayer.m in Sources */ = {isa = PBXBuildFile; fileRef = B5DF906A147D0DB900A39293 /* AlertSoundPlayer.m */; };
		B5F5D11815A597CB007C52F1 /* SettingsViewController.xib in Resources */ = {isa = PBXBuildFile; fileRef = B5F5D11715A597CB007C52F1 /* SettingsViewController.xib */; };
		B5FF80361590D55200B3601C /* PathCopyAnnotation.m in Sources */ = {isa = PBXBuildFile; fileRef = B5FF80351590D55200B3601C /* PathCopyAnnotation.m */; };
		FE6AD902EDD586EFF6075B06 /* libPods-reckonMe.a in Frameworks */ = {isa = PBXBuildFile; fileRef = 9C4FABEC6C2B735B37D49A15 /* libPods-reckonMe.a */; };
/* End PBXBuildFile section */

/* Begin PBXContainerItemProxy section */
		B595D30B1407C01C00EB1A91 /* PBXContainerItemProxy */ = {
			isa = PBXContainerItemProxy;
			containerPortal = B595D2D21407C01C00EB1A91 /* Project object */;
			proxyType = 1;
			remoteGlobalIDString = B595D2DA1407C01C00EB1A91;
			remoteInfo = reckonMe;
		};
/* End PBXContainerItemProxy section */

/* Begin PBXFileReference section */
		74600FE66BE57AD0402645C4 /* Pods-reckonMe.debug.xcconfig */ = {isa = PBXFileReference; includeInIndex = 1; lastKnownFileType = text.xcconfig; name = "Pods-reckonMe.debug.xcconfig"; path = "Pods/Target Support Files/Pods-reckonMe/Pods-reckonMe.debug.xcconfig"; sourceTree = "<group>"; };
		8E0318DD143513200014FB18 /* SettingsViewController.h */ = {isa = PBXFileReference; fileEncoding = 4; lastKnownFileType = sourcecode.c.h; path = SettingsViewController.h; sourceTree = "<group>"; };
		8E0318DE143513200014FB18 /* SettingsViewController.mm */ = {isa = PBXFileReference; fileEncoding = 4; lastKnownFileType = sourcecode.cpp.objcpp; path = SettingsViewController.mm; sourceTree = "<group>"; };
		8E07EF471432407300451568 /* pdr-icon-retina.png */ = {isa = PBXFileReference; lastKnownFileType = image.png; path = "pdr-icon-retina.png"; sourceTree = "<group>"; };
		8E07EF4A1432416800451568 /* pdr-icon.png */ = {isa = PBXFileReference; lastKnownFileType = image.png; path = "pdr-icon.png"; sourceTree = "<group>"; };
		8E08B584141E04AD0023729B /* matlab-utils.cpp */ = {isa = PBXFileReference; fileEncoding = 4; lastKnownFileType = sourcecode.cpp.cpp; path = "matlab-utils.cpp"; sourceTree = "<group>"; };
		8E08B586141E06D50023729B /* matlab-utils.h */ = {isa = PBXFileReference; fileEncoding = 4; lastKnownFileType = sourcecode.c.h; path = "matlab-utils.h"; sourceTree = "<group>"; };
		8E31D16714E96CB700A28A86 /* GLKit.framework */ = {isa = PBXFileReference; lastKnownFileType = wrapper.framework; name = GLKit.framework; path = System/Library/Frameworks/GLKit.framework; sourceTree = SDKROOT; };
		8E3AF9FD1436159A00D88C95 /* settings.png */ = {isa = PBXFileReference; lastKnownFileType = image.png; path = settings.png; sourceTree = "<group>"; };
		8E3AF9FE1436159A00D88C95 /* settings@2x.png */ = {isa = PBXFileReference; lastKnownFileType = image.png; path = "settings@2x.png"; sourceTree = "<group>"; };
		8E55254314292ECE006D5D1D /* PDRController.h */ = {isa = PBXFileReference; fileEncoding = 4; lastKnownFileType = sourcecode.c.h; path = PDRController.h; sourceTree = "<group>"; };
		8E5525461429470C006D5D1D /* LocationEntry.h */ = {isa = PBXFileReference; fileEncoding = 4; lastKnownFileType = sourcecode.c.h; path = LocationEntry.h; sourceTree = "<group>"; };
		8E5525471429470C006D5D1D /* LocationEntry.m */ = {isa = PBXFileReference; fileEncoding = 4; lastKnownFileType = sourcecode.c.objc; path = LocationEntry.m; sourceTree = "<group>"; };
		8E58B4BE16B02B0E009989C9 /* test04-ACC.txt */ = {isa = PBXFileReference; fileEncoding = 4; lastKnownFileType = text; name = "test04-ACC.txt"; path = "testSensorData/test04-ACC.txt"; sourceTree = "<group>"; };
		8E58B4BF16B02B0E009989C9 /* test04-GYRO.txt */ = {isa = PBXFileReference; fileEncoding = 4; lastKnownFileType = text; name = "test04-GYRO.txt"; path = "testSensorData/test04-GYRO.txt"; sourceTree = "<group>"; };
		8E5C0B20159A031600E1D21C /* gps-arrow.png */ = {isa = PBXFileReference; lastKnownFileType = image.png; path = "gps-arrow.png"; sourceTree = "<group>"; };
		8E5C0B21159A031700E1D21C /* gps-arrow@2x.png */ = {isa = PBXFileReference; lastKnownFileType = image.png; path = "gps-arrow@2x.png"; sourceTree = "<group>"; };
		8E5C0B48159B77C000E1D21C /* gps-round-button-depressed.png */ = {isa = PBXFileReference; lastKnownFileType = image.png; path = "gps-round-button-depressed.png"; sourceTree = "<group>"; };
		8E5C0B49159B77C000E1D21C /* gps-round-button-depressed@2x.png */ = {isa = PBXFileReference; lastKnownFileType = image.png; path = "gps-round-button-depressed@2x.png"; sourceTree = "<group>"; };
		8E5C0B4C159C72A200E1D21C /* gps-round-button-pressed@2x.png */ = {isa = PBXFileReference; lastKnownFileType = image.png; path = "gps-round-button-pressed@2x.png"; sourceTree = "<group>"; };
		8E5C0B57159C7B5600E1D21C /* gps-round-button-pressed.png */ = {isa = PBXFileReference; lastKnownFileType = image.png; path = "gps-round-button-pressed.png"; sourceTree = "<group>"; };
		8E76286F14222D3400EB36A0 /* PDRExchange.h */ = {isa = PBXFileReference; fileEncoding = 4; lastKnownFileType = sourcecode.c.h; lineEnding = 0; path = PDRExchange.h; sourceTree = "<group>"; xcLanguageSpecificationIdentifier = xcode.lang.objcpp; };
		8E9CDE4C15B859C300ADDC7E /* test03-ACC.txt */ = {isa = PBXFileReference; fileEncoding = 4; lastKnownFileType = text; name = "test03-ACC.txt"; path = "testSensorData/test03-ACC.txt"; sourceTree = "<group>"; };
		8E9CDE4D15B859C300ADDC7E /* test03-GYRO.txt */ = {isa = PBXFileReference; fileEncoding = 4; lastKnownFileType = text; name = "test03-GYRO.txt"; path = "testSensorData/test03-GYRO.txt"; sourceTree = "<group>"; };
		8E9F366A14297D64006CE285 /* PDRController.mm */ = {isa = PBXFileReference; fileEncoding = 4; lastKnownFileType = sourcecode.cpp.objcpp; lineEnding = 0; path = PDRController.mm; sourceTree = "<group>"; xcLanguageSpecificationIdentifier = xcode.lang.objcpp; };
		8EDDDF97152B4C06007D31B4 /* PDRTests.mm */ = {isa = PBXFileReference; fileEncoding = 4; lastKnownFileType = sourcecode.cpp.objcpp; lineEnding = 0; path = PDRTests.mm; sourceTree = "<group>"; xcLanguageSpecificationIdentifier = xcode.lang.objcpp; };
		8EDDDF99152B4C64007D31B4 /* FakeCMDeviceMotion.h */ = {isa = PBXFileReference; fileEncoding = 4; lastKnownFileType = sourcecode.c.h; path = FakeCMDeviceMotion.h; sourceTree = "<group>"; };
		8EDDDF9A152B4C64007D31B4 /* FakeCMDeviceMotion.m */ = {isa = PBXFileReference; fileEncoding = 4; lastKnownFileType = sourcecode.c.objc; path = FakeCMDeviceMotion.m; sourceTree = "<group>"; };
		9C4FABEC6C2B735B37D49A15 /* libPods-reckonMe.a */ = {isa = PBXFileReference; explicitFileType = archive.ar; includeInIndex = 0; path = "libPods-reckonMe.a"; sourceTree = BUILT_PRODUCTS_DIR; };
		B50128C1146C223300D8CDFF /* CoreImage.framework */ = {isa = PBXFileReference; lastKnownFileType = wrapper.framework; name = CoreImage.framework; path = System/Library/Frameworks/CoreImage.framework; sourceTree = SDKROOT; };
		B50128C2146C223300D8CDFF /* CoreMedia.framework */ = {isa = PBXFileReference; lastKnownFileType = wrapper.framework; name = CoreMedia.framework; path = System/Library/Frameworks/CoreMedia.framework; sourceTree = SDKROOT; };
		B50128C3146C223300D8CDFF /* CoreVideo.framework */ = {isa = PBXFileReference; lastKnownFileType = wrapper.framework; name = CoreVideo.framework; path = System/Library/Frameworks/CoreVideo.framework; sourceTree = SDKROOT; };
		B514BFC41A9FCA8900932149 /* dfki-2.OG-trimmed.png */ = {isa = PBXFileReference; lastKnownFileType = image.png; path = "dfki-2.OG-trimmed.png"; sourceTree = "<group>"; };
		B51D3D6B1AC367610059BE17 /* Images.xcassets */ = {isa = PBXFileReference; lastKnownFileType = folder.assetcatalog; name = Images.xcassets; path = reckonMe/Images.xcassets; sourceTree = SOURCE_ROOT; };
		B537006A15B7092A00757BE0 /* Settings.h */ = {isa = PBXFileReference; fileEncoding = 4; lastKnownFileType = sourcecode.c.h; path = Settings.h; sourceTree = "<group>"; };
		B537006B15B7092A00757BE0 /* Settings.m */ = {isa = PBXFileReference; fileEncoding = 4; lastKnownFileType = sourcecode.c.objc; path = Settings.m; sourceTree = "<group>"; };
		B53AAF87156A7C3E00714192 /* OutdoorMapView.h */ = {isa = PBXFileReference; fileEncoding = 4; lastKnownFileType = sourcecode.c.h; path = OutdoorMapView.h; sourceTree = "<group>"; };
		B53AAF88156A7C3E00714192 /* OutdoorMapView.m */ = {isa = PBXFileReference; fileEncoding = 4; lastKnownFileType = sourcecode.c.objc; path = OutdoorMapView.m; sourceTree = "<group>"; };
		B5403E621ABE133B00779B4D /* CompassWithoutCircleLarge.pdf */ = {isa = PBXFileReference; lastKnownFileType = image.pdf; path = CompassWithoutCircleLarge.pdf; sourceTree = "<group>"; };
		B54276C814505C720072ACA5 /* AudioToolbox.framework */ = {isa = PBXFileReference; lastKnownFileType = wrapper.framework; name = AudioToolbox.framework; path = System/Library/Frameworks/AudioToolbox.framework; sourceTree = SDKROOT; };
		B5499E791425E85600BA7177 /* AbstractSensor.h */ = {isa = PBXFileReference; fileEncoding = 4; lastKnownFileType = sourcecode.c.h; lineEnding = 0; path = AbstractSensor.h; sourceTree = "<group>"; xcLanguageSpecificationIdentifier = xcode.lang.objcpp; };
		B5499E7A1425E85600BA7177 /* AbstractSensor.m */ = {isa = PBXFileReference; fileEncoding = 4; lastKnownFileType = sourcecode.c.objc; path = AbstractSensor.m; sourceTree = "<group>"; };
		B5499E7D1425E85700BA7177 /* Gyroscope.h */ = {isa = PBXFileReference; fileEncoding = 4; lastKnownFileType = sourcecode.c.h; path = Gyroscope.h; sourceTree = "<group>"; };
		B5499E7E1425E85700BA7177 /* Gyroscope.m */ = {isa = PBXFileReference; fileEncoding = 4; lastKnownFileType = sourcecode.c.objc; lineEnding = 0; path = Gyroscope.m; sourceTree = "<group>"; xcLanguageSpecificationIdentifier = xcode.lang.objc; };
		B5499E7F1425E85700BA7177 /* CompassAndGPS.h */ = {isa = PBXFileReference; fileEncoding = 4; lastKnownFileType = sourcecode.c.h; path = CompassAndGPS.h; sourceTree = "<group>"; };
		B5499E801425E85700BA7177 /* CompassAndGPS.m */ = {isa = PBXFileReference; fileEncoding = 4; lastKnownFileType = sourcecode.c.objc; path = CompassAndGPS.m; sourceTree = "<group>"; };
		B5499E891425E9A700BA7177 /* CoreMotion.framework */ = {isa = PBXFileReference; lastKnownFileType = wrapper.framework; name = CoreMotion.framework; path = System/Library/Frameworks/CoreMotion.framework; sourceTree = SDKROOT; };
		B561765F146ABD4000945446 /* PantsPocketDetector.h */ = {isa = PBXFileReference; fileEncoding = 4; lastKnownFileType = sourcecode.c.h; path = PantsPocketDetector.h; sourceTree = "<group>"; };
		B5617660146ABD4000945446 /* PantsPocketDetector.m */ = {isa = PBXFileReference; fileEncoding = 4; lastKnownFileType = sourcecode.c.objc; path = PantsPocketDetector.m; sourceTree = "<group>"; };
		B5617662146AC44000945446 /* AVFoundation.framework */ = {isa = PBXFileReference; lastKnownFileType = wrapper.framework; name = AVFoundation.framework; path = System/Library/Frameworks/AVFoundation.framework; sourceTree = SDKROOT; };
		B56F44BD1A38FED6009CEEF4 /* BLE_P2PExchange.h */ = {isa = PBXFileReference; fileEncoding = 4; lastKnownFileType = sourcecode.c.h; path = BLE_P2PExchange.h; sourceTree = "<group>"; };
		B56F44BE1A38FED6009CEEF4 /* BLE_P2PExchange.m */ = {isa = PBXFileReference; fileEncoding = 4; lastKnownFileType = sourcecode.c.objc; path = BLE_P2PExchange.m; sourceTree = "<group>"; };
		B56F44C21A3A53F0009CEEF4 /* CoreBluetooth.framework */ = {isa = PBXFileReference; lastKnownFileType = wrapper.framework; name = CoreBluetooth.framework; path = System/Library/Frameworks/CoreBluetooth.framework; sourceTree = SDKROOT; };
		B572E5BA1582215100132C40 /* itz-floorplanRotated.pdf */ = {isa = PBXFileReference; lastKnownFileType = image.pdf; path = "itz-floorplanRotated.pdf"; sourceTree = "<group>"; };
		B582BFF21ABEFB1F0049A0EE /* PeerAnnotation.h */ = {isa = PBXFileReference; fileEncoding = 4; lastKnownFileType = sourcecode.c.h; path = PeerAnnotation.h; sourceTree = "<group>"; };
		B582BFF31ABEFB1F0049A0EE /* PeerAnnotation.m */ = {isa = PBXFileReference; fileEncoding = 4; lastKnownFileType = sourcecode.c.objc; path = PeerAnnotation.m; sourceTree = "<group>"; };
		B582BFF61ABF02020049A0EE /* pedestrian.pdf */ = {isa = PBXFileReference; lastKnownFileType = image.pdf; path = pedestrian.pdf; sourceTree = "<group>"; };
		B58C6B5C15A097D8005A88CD /* itz-grayHalf.png */ = {isa = PBXFileReference; lastKnownFileType = image.png; path = "itz-grayHalf.png"; sourceTree = "<group>"; };
		B59295B0157F66FB008380CE /* PinAnnotation.h */ = {isa = PBXFileReference; fileEncoding = 4; lastKnownFileType = sourcecode.c.h; path = PinAnnotation.h; sourceTree = "<group>"; };
		B59295B1157F66FB008380CE /* PinAnnotation.m */ = {isa = PBXFileReference; fileEncoding = 4; lastKnownFileType = sourcecode.c.objc; path = PinAnnotation.m; sourceTree = "<group>"; };
		B595D2DB1407C01C00EB1A91 /* reckonMe.app */ = {isa = PBXFileReference; explicitFileType = wrapper.application; includeInIndex = 0; path = reckonMe.app; sourceTree = BUILT_PRODUCTS_DIR; };
		B595D2DF1407C01C00EB1A91 /* UIKit.framework */ = {isa = PBXFileReference; lastKnownFileType = wrapper.framework; name = UIKit.framework; path = System/Library/Frameworks/UIKit.framework; sourceTree = SDKROOT; };
		B595D2E11407C01C00EB1A91 /* Foundation.framework */ = {isa = PBXFileReference; lastKnownFileType = wrapper.framework; name = Foundation.framework; path = System/Library/Frameworks/Foundation.framework; sourceTree = SDKROOT; };
		B595D2E31407C01C00EB1A91 /* CoreGraphics.framework */ = {isa = PBXFileReference; lastKnownFileType = wrapper.framework; name = CoreGraphics.framework; path = System/Library/Frameworks/CoreGraphics.framework; sourceTree = SDKROOT; };
		B595D2E71407C01C00EB1A91 /* reckonMe-Info.plist */ = {isa = PBXFileReference; lastKnownFileType = text.plist.xml; path = "reckonMe-Info.plist"; sourceTree = "<group>"; };
		B595D2E91407C01C00EB1A91 /* en */ = {isa = PBXFileReference; lastKnownFileType = text.plist.strings; name = en; path = en.lproj/InfoPlist.strings; sourceTree = "<group>"; };
		B595D2EB1407C01C00EB1A91 /* main.m */ = {isa = PBXFileReference; lastKnownFileType = sourcecode.c.objc; path = main.m; sourceTree = "<group>"; };
		B595D2ED1407C01C00EB1A91 /* reckonMe-Prefix.pch */ = {isa = PBXFileReference; lastKnownFileType = sourcecode.c.h; path = "reckonMe-Prefix.pch"; sourceTree = "<group>"; };
		B595D2EE1407C01C00EB1A91 /* PDRAppDelegate.h */ = {isa = PBXFileReference; lastKnownFileType = sourcecode.c.h; path = PDRAppDelegate.h; sourceTree = "<group>"; };
		B595D2EF1407C01C00EB1A91 /* PDRAppDelegate.mm */ = {isa = PBXFileReference; lastKnownFileType = sourcecode.cpp.objcpp; path = PDRAppDelegate.mm; sourceTree = "<group>"; };
		B595D2F21407C01C00EB1A91 /* en */ = {isa = PBXFileReference; lastKnownFileType = file.xib; name = en; path = en.lproj/MainWindow.xib; sourceTree = "<group>"; };
		B595D2F41407C01C00EB1A91 /* FirstViewController.h */ = {isa = PBXFileReference; lastKnownFileType = sourcecode.c.h; path = FirstViewController.h; sourceTree = "<group>"; };
		B595D2F51407C01C00EB1A91 /* FirstViewController.mm */ = {isa = PBXFileReference; lastKnownFileType = sourcecode.cpp.objcpp; lineEnding = 0; path = FirstViewController.mm; sourceTree = "<group>"; xcLanguageSpecificationIdentifier = xcode.lang.objcpp; };
		B595D3051407C01C00EB1A91 /* reckonMeTests.octest */ = {isa = PBXFileReference; explicitFileType = wrapper.cfbundle; includeInIndex = 0; path = reckonMeTests.octest; sourceTree = BUILT_PRODUCTS_DIR; };
		B595D3061407C01C00EB1A91 /* SenTestingKit.framework */ = {isa = PBXFileReference; lastKnownFileType = wrapper.framework; name = SenTestingKit.framework; path = Library/Frameworks/SenTestingKit.framework; sourceTree = DEVELOPER_DIR; };
		B595D30F1407C01D00EB1A91 /* reckonMeTests-Info.plist */ = {isa = PBXFileReference; lastKnownFileType = text.plist.xml; path = "reckonMeTests-Info.plist"; sourceTree = "<group>"; };
		B595D3111407C01D00EB1A91 /* en */ = {isa = PBXFileReference; lastKnownFileType = text.plist.strings; name = en; path = en.lproj/InfoPlist.strings; sourceTree = "<group>"; };
		B595D3131407C01D00EB1A91 /* PDRTests.h */ = {isa = PBXFileReference; lastKnownFileType = sourcecode.c.h; path = PDRTests.h; sourceTree = "<group>"; };
		B595D3391407C0E000EB1A91 /* CoreLocation.framework */ = {isa = PBXFileReference; lastKnownFileType = wrapper.framework; name = CoreLocation.framework; path = System/Library/Frameworks/CoreLocation.framework; sourceTree = SDKROOT; };
		B595D33A1407C0E000EB1A91 /* QuartzCore.framework */ = {isa = PBXFileReference; lastKnownFileType = wrapper.framework; name = QuartzCore.framework; path = System/Library/Frameworks/QuartzCore.framework; sourceTree = SDKROOT; };
		B59BD117156443DB00433C17 /* GeodeticProjection.h */ = {isa = PBXFileReference; fileEncoding = 4; lastKnownFileType = sourcecode.c.h; path = GeodeticProjection.h; sourceTree = "<group>"; };
		B59BD118156443DB00433C17 /* GeodeticProjection.m */ = {isa = PBXFileReference; fileEncoding = 4; lastKnownFileType = sourcecode.c.objc; path = GeodeticProjection.m; sourceTree = "<group>"; };
		B5A3B00E14CC6140004A0E54 /* Accelerate.framework */ = {isa = PBXFileReference; lastKnownFileType = wrapper.framework; name = Accelerate.framework; path = System/Library/Frameworks/Accelerate.framework; sourceTree = SDKROOT; };
		B5A3B00F14CC6140004A0E54 /* CoreAudio.framework */ = {isa = PBXFileReference; lastKnownFileType = wrapper.framework; name = CoreAudio.framework; path = System/Library/Frameworks/CoreAudio.framework; sourceTree = SDKROOT; };
		B5BD2DDE1ACB4BD7001C22ED /* fullSignal.pdf */ = {isa = PBXFileReference; lastKnownFileType = image.pdf; path = fullSignal.pdf; sourceTree = "<group>"; };
		B5BD2DDF1ACB4BD7001C22ED /* lowSignal.pdf */ = {isa = PBXFileReference; lastKnownFileType = image.pdf; path = lowSignal.pdf; sourceTree = "<group>"; };
		B5BDDC18142FDC700044F56B /* GameKit.framework */ = {isa = PBXFileReference; lastKnownFileType = wrapper.framework; name = GameKit.framework; path = System/Library/Frameworks/GameKit.framework; sourceTree = SDKROOT; };
		B5C6809B156667A80099AB49 /* MapKit.framework */ = {isa = PBXFileReference; lastKnownFileType = wrapper.framework; name = MapKit.framework; path = System/Library/Frameworks/MapKit.framework; sourceTree = SDKROOT; };
		B5D068B71581ED8D005A1C83 /* FloorPlanOverlay.h */ = {isa = PBXFileReference; fileEncoding = 4; lastKnownFileType = sourcecode.c.h; path = FloorPlanOverlay.h; sourceTree = "<group>"; };
		B5D068B81581ED8D005A1C83 /* FloorPlanOverlay.m */ = {isa = PBXFileReference; fileEncoding = 4; lastKnownFileType = sourcecode.c.objc; path = FloorPlanOverlay.m; sourceTree = "<group>"; };
		B5D068BB1581EDC6005A1C83 /* FloorPlanOverlayView.h */ = {isa = PBXFileReference; fileEncoding = 4; lastKnownFileType = sourcecode.c.h; path = FloorPlanOverlayView.h; sourceTree = "<group>"; };
		B5D068BC1581EDC6005A1C83 /* FloorPlanOverlayView.m */ = {isa = PBXFileReference; fileEncoding = 4; lastKnownFileType = sourcecode.c.objc; path = FloorPlanOverlayView.m; sourceTree = "<group>"; };
		B5DD31B914FD2DF0006D1F35 /* cymbalsShort.aiff */ = {isa = PBXFileReference; lastKnownFileType = audio.aiff; path = cymbalsShort.aiff; sourceTree = "<group>"; };
		B5DF9069147D0DB900A39293 /* AlertSoundPlayer.h */ = {isa = PBXFileReference; fileEncoding = 4; lastKnownFileType = sourcecode.c.h; path = AlertSoundPlayer.h; sourceTree = "<group>"; };
		B5DF906A147D0DB900A39293 /* AlertSoundPlayer.m */ = {isa = PBXFileReference; fileEncoding = 4; lastKnownFileType = sourcecode.c.objc; path = AlertSoundPlayer.m; sourceTree = "<group>"; };
		B5F5D11715A597CB007C52F1 /* SettingsViewController.xib */ = {isa = PBXFileReference; fileEncoding = 4; lastKnownFileType = file.xib; path = SettingsViewController.xib; sourceTree = "<group>"; };
		B5FF80341590D55200B3601C /* PathCopyAnnotation.h */ = {isa = PBXFileReference; fileEncoding = 4; lastKnownFileType = sourcecode.c.h; path = PathCopyAnnotation.h; sourceTree = "<group>"; };
		B5FF80351590D55200B3601C /* PathCopyAnnotation.m */ = {isa = PBXFileReference; fileEncoding = 4; lastKnownFileType = sourcecode.c.objc; path = PathCopyAnnotation.m; sourceTree = "<group>"; };
		D97F5BFD9BE63397CD1E84F5 /* Pods-reckonMe.release.xcconfig */ = {isa = PBXFileReference; includeInIndex = 1; lastKnownFileType = text.xcconfig; name = "Pods-reckonMe.release.xcconfig"; path = "Pods/Target Support Files/Pods-reckonMe/Pods-reckonMe.release.xcconfig"; sourceTree = "<group>"; };
/* End PBXFileReference section */

/* Begin PBXFrameworksBuildPhase section */
		B595D2D81407C01C00EB1A91 /* Frameworks */ = {
			isa = PBXFrameworksBuildPhase;
			buildActionMask = 2147483647;
			files = (
				B56F44C31A3A53F0009CEEF4 /* CoreBluetooth.framework in Frameworks */,
				B5C6809C156667A80099AB49 /* MapKit.framework in Frameworks */,
				8E31D16814E96CB700A28A86 /* GLKit.framework in Frameworks */,
				B5A3B01014CC6140004A0E54 /* Accelerate.framework in Frameworks */,
				B5A3B01114CC6140004A0E54 /* CoreAudio.framework in Frameworks */,
				B50128C4146C223300D8CDFF /* CoreImage.framework in Frameworks */,
				B50128C5146C223300D8CDFF /* CoreMedia.framework in Frameworks */,
				B50128C6146C223300D8CDFF /* CoreVideo.framework in Frameworks */,
				B5617663146AC44000945446 /* AVFoundation.framework in Frameworks */,
				B54276C914505C720072ACA5 /* AudioToolbox.framework in Frameworks */,
				B5BDDC19142FDC700044F56B /* GameKit.framework in Frameworks */,
				B5499E8A1425E9A700BA7177 /* CoreMotion.framework in Frameworks */,
				B595D2E41407C01C00EB1A91 /* CoreGraphics.framework in Frameworks */,
				B595D33B1407C0E000EB1A91 /* CoreLocation.framework in Frameworks */,
				B595D33C1407C0E000EB1A91 /* QuartzCore.framework in Frameworks */,
				B595D2E01407C01C00EB1A91 /* UIKit.framework in Frameworks */,
				B595D2E21407C01C00EB1A91 /* Foundation.framework in Frameworks */,
				FE6AD902EDD586EFF6075B06 /* libPods-reckonMe.a in Frameworks */,
			);
			runOnlyForDeploymentPostprocessing = 0;
		};
		B595D3011407C01C00EB1A91 /* Frameworks */ = {
			isa = PBXFrameworksBuildPhase;
			buildActionMask = 2147483647;
			files = (
				B595D3071407C01C00EB1A91 /* SenTestingKit.framework in Frameworks */,
				B595D3081407C01C00EB1A91 /* UIKit.framework in Frameworks */,
				B595D3091407C01C00EB1A91 /* Foundation.framework in Frameworks */,
				B595D30A1407C01C00EB1A91 /* CoreGraphics.framework in Frameworks */,
			);
			runOnlyForDeploymentPostprocessing = 0;
		};
/* End PBXFrameworksBuildPhase section */

/* Begin PBXGroup section */
		5A4CCA30A67D68405EBD79E2 /* Pods */ = {
			isa = PBXGroup;
			children = (
				74600FE66BE57AD0402645C4 /* Pods-reckonMe.debug.xcconfig */,
				D97F5BFD9BE63397CD1E84F5 /* Pods-reckonMe.release.xcconfig */,
			);
			name = Pods;
			sourceTree = "<group>";
		};
		B5499E851425E85C00BA7177 /* Sensors */ = {
			isa = PBXGroup;
			children = (
				B5499E791425E85600BA7177 /* AbstractSensor.h */,
				B5499E7A1425E85600BA7177 /* AbstractSensor.m */,
				B5499E7D1425E85700BA7177 /* Gyroscope.h */,
				B5499E7E1425E85700BA7177 /* Gyroscope.m */,
				B5499E7F1425E85700BA7177 /* CompassAndGPS.h */,
				B5499E801425E85700BA7177 /* CompassAndGPS.m */,
			);
			name = Sensors;
			sourceTree = "<group>";
		};
		B5499E871425E8FB00BA7177 /* Dead-Reckoning */ = {
			isa = PBXGroup;
			children = (
				8E76286F14222D3400EB36A0 /* PDRExchange.h */,
				8E55254314292ECE006D5D1D /* PDRController.h */,
				8E9F366A14297D64006CE285 /* PDRController.mm */,
				8E5525461429470C006D5D1D /* LocationEntry.h */,
				8E5525471429470C006D5D1D /* LocationEntry.m */,
				8E08B586141E06D50023729B /* matlab-utils.h */,
				8E08B584141E04AD0023729B /* matlab-utils.cpp */,
			);
			name = "Dead-Reckoning";
			sourceTree = "<group>";
		};
		B5499E881425E93B00BA7177 /* Views */ = {
			isa = PBXGroup;
			children = (
				B595D2F11407C01C00EB1A91 /* MainWindow.xib */,
				8E0318DD143513200014FB18 /* SettingsViewController.h */,
				8E0318DE143513200014FB18 /* SettingsViewController.mm */,
				B5F5D11715A597CB007C52F1 /* SettingsViewController.xib */,
				B595D2F41407C01C00EB1A91 /* FirstViewController.h */,
				B595D2F51407C01C00EB1A91 /* FirstViewController.mm */,
				B59295AF157F66C7008380CE /* Outdoor Map Views */,
			);
			name = Views;
			sourceTree = "<group>";
		};
		B57550381413D9A100193A4C /* Resources */ = {
			isa = PBXGroup;
			children = (
				B5BD2DDE1ACB4BD7001C22ED /* fullSignal.pdf */,
				B5BD2DDF1ACB4BD7001C22ED /* lowSignal.pdf */,
				B582BFF61ABF02020049A0EE /* pedestrian.pdf */,
				B514BFC41A9FCA8900932149 /* dfki-2.OG-trimmed.png */,
				B58C6B5C15A097D8005A88CD /* itz-grayHalf.png */,
				B572E5BA1582215100132C40 /* itz-floorplanRotated.pdf */,
				B5DD31B914FD2DF0006D1F35 /* cymbalsShort.aiff */,
				B5796EAA14292D2D00C138BD /* Icons */,
			);
			name = Resources;
			path = ../Resources;
			sourceTree = "<group>";
		};
		B5796EAA14292D2D00C138BD /* Icons */ = {
			isa = PBXGroup;
			children = (
				B5403E621ABE133B00779B4D /* CompassWithoutCircleLarge.pdf */,
				8E5C0B57159C7B5600E1D21C /* gps-round-button-pressed.png */,
				8E5C0B4C159C72A200E1D21C /* gps-round-button-pressed@2x.png */,
				8E5C0B48159B77C000E1D21C /* gps-round-button-depressed.png */,
				8E5C0B49159B77C000E1D21C /* gps-round-button-depressed@2x.png */,
				8E5C0B20159A031600E1D21C /* gps-arrow.png */,
				8E5C0B21159A031700E1D21C /* gps-arrow@2x.png */,
				8E3AF9FD1436159A00D88C95 /* settings.png */,
				8E3AF9FE1436159A00D88C95 /* settings@2x.png */,
				8E07EF4A1432416800451568 /* pdr-icon.png */,
				8E07EF471432407300451568 /* pdr-icon-retina.png */,
			);
			name = Icons;
			path = ../Resources;
			sourceTree = "<group>";
		};
		B59295AF157F66C7008380CE /* Outdoor Map Views */ = {
			isa = PBXGroup;
			children = (
				B53AAF87156A7C3E00714192 /* OutdoorMapView.h */,
				B53AAF88156A7C3E00714192 /* OutdoorMapView.m */,
				B59295B0157F66FB008380CE /* PinAnnotation.h */,
				B59295B1157F66FB008380CE /* PinAnnotation.m */,
				B5D068B71581ED8D005A1C83 /* FloorPlanOverlay.h */,
				B5D068B81581ED8D005A1C83 /* FloorPlanOverlay.m */,
				B5D068BB1581EDC6005A1C83 /* FloorPlanOverlayView.h */,
				B5D068BC1581EDC6005A1C83 /* FloorPlanOverlayView.m */,
				B5FF80341590D55200B3601C /* PathCopyAnnotation.h */,
				B5FF80351590D55200B3601C /* PathCopyAnnotation.m */,
				B582BFF21ABEFB1F0049A0EE /* PeerAnnotation.h */,
				B582BFF31ABEFB1F0049A0EE /* PeerAnnotation.m */,
			);
			name = "Outdoor Map Views";
			sourceTree = "<group>";
		};
		B595D2D01407C01C00EB1A91 = {
			isa = PBXGroup;
			children = (
				B595D2E51407C01C00EB1A91 /* reckonMe */,
				B595D30D1407C01C00EB1A91 /* reckonMeTests */,
				B595D2DE1407C01C00EB1A91 /* Frameworks */,
				B595D2DC1407C01C00EB1A91 /* Products */,
				5A4CCA30A67D68405EBD79E2 /* Pods */,
			);
			sourceTree = "<group>";
		};
		B595D2DC1407C01C00EB1A91 /* Products */ = {
			isa = PBXGroup;
			children = (
				B595D2DB1407C01C00EB1A91 /* reckonMe.app */,
				B595D3051407C01C00EB1A91 /* reckonMeTests.octest */,
			);
			name = Products;
			sourceTree = "<group>";
		};
		B595D2DE1407C01C00EB1A91 /* Frameworks */ = {
			isa = PBXGroup;
			children = (
				B56F44C21A3A53F0009CEEF4 /* CoreBluetooth.framework */,
				B5C6809B156667A80099AB49 /* MapKit.framework */,
				8E31D16714E96CB700A28A86 /* GLKit.framework */,
				B5A3B00E14CC6140004A0E54 /* Accelerate.framework */,
				B5A3B00F14CC6140004A0E54 /* CoreAudio.framework */,
				B50128C1146C223300D8CDFF /* CoreImage.framework */,
				B50128C2146C223300D8CDFF /* CoreMedia.framework */,
				B50128C3146C223300D8CDFF /* CoreVideo.framework */,
				B5617662146AC44000945446 /* AVFoundation.framework */,
				B54276C814505C720072ACA5 /* AudioToolbox.framework */,
				B5BDDC18142FDC700044F56B /* GameKit.framework */,
				B5499E891425E9A700BA7177 /* CoreMotion.framework */,
				B595D3391407C0E000EB1A91 /* CoreLocation.framework */,
				B595D33A1407C0E000EB1A91 /* QuartzCore.framework */,
				B595D2DF1407C01C00EB1A91 /* UIKit.framework */,
				B595D2E11407C01C00EB1A91 /* Foundation.framework */,
				B595D2E31407C01C00EB1A91 /* CoreGraphics.framework */,
				B595D3061407C01C00EB1A91 /* SenTestingKit.framework */,
				9C4FABEC6C2B735B37D49A15 /* libPods-reckonMe.a */,
			);
			name = Frameworks;
			sourceTree = "<group>";
		};
		B595D2E51407C01C00EB1A91 /* reckonMe */ = {
			isa = PBXGroup;
			children = (
				B5C0306114EA9DDA00625FFF /* P2P */,
				B5499E851425E85C00BA7177 /* Sensors */,
				B5499E871425E8FB00BA7177 /* Dead-Reckoning */,
				B5499E881425E93B00BA7177 /* Views */,
				B595D2EE1407C01C00EB1A91 /* PDRAppDelegate.h */,
				B595D2EF1407C01C00EB1A91 /* PDRAppDelegate.mm */,
				B561765F146ABD4000945446 /* PantsPocketDetector.h */,
				B5617660146ABD4000945446 /* PantsPocketDetector.m */,
				B5DF9069147D0DB900A39293 /* AlertSoundPlayer.h */,
				B5DF906A147D0DB900A39293 /* AlertSoundPlayer.m */,
				B59BD117156443DB00433C17 /* GeodeticProjection.h */,
				B59BD118156443DB00433C17 /* GeodeticProjection.m */,
				B537006A15B7092A00757BE0 /* Settings.h */,
				B537006B15B7092A00757BE0 /* Settings.m */,
				B57550381413D9A100193A4C /* Resources */,
				B51D3D6B1AC367610059BE17 /* Images.xcassets */,
				B595D2E61407C01C00EB1A91 /* Supporting Files */,
			);
			name = reckonMe;
			path = Classes;
			sourceTree = "<group>";
		};
		B595D2E61407C01C00EB1A91 /* Supporting Files */ = {
			isa = PBXGroup;
			children = (
				B595D2E71407C01C00EB1A91 /* reckonMe-Info.plist */,
				B595D2E81407C01C00EB1A91 /* InfoPlist.strings */,
				B595D2EB1407C01C00EB1A91 /* main.m */,
				B595D2ED1407C01C00EB1A91 /* reckonMe-Prefix.pch */,
			);
			name = "Supporting Files";
			sourceTree = "<group>";
		};
		B595D30D1407C01C00EB1A91 /* reckonMeTests */ = {
			isa = PBXGroup;
			children = (
				8EDDDF99152B4C64007D31B4 /* FakeCMDeviceMotion.h */,
				8EDDDF9A152B4C64007D31B4 /* FakeCMDeviceMotion.m */,
				8EDDDF97152B4C06007D31B4 /* PDRTests.mm */,
				B595D3131407C01D00EB1A91 /* PDRTests.h */,
				B595D30E1407C01D00EB1A91 /* Supporting Files */,
			);
			name = reckonMeTests;
			path = Tests;
			sourceTree = "<group>";
		};
		B595D30E1407C01D00EB1A91 /* Supporting Files */ = {
			isa = PBXGroup;
			children = (
				8E58B4BE16B02B0E009989C9 /* test04-ACC.txt */,
				8E58B4BF16B02B0E009989C9 /* test04-GYRO.txt */,
				8E9CDE4C15B859C300ADDC7E /* test03-ACC.txt */,
				8E9CDE4D15B859C300ADDC7E /* test03-GYRO.txt */,
				B595D30F1407C01D00EB1A91 /* reckonMeTests-Info.plist */,
				B595D3101407C01D00EB1A91 /* InfoPlist.strings */,
			);
			name = "Supporting Files";
			sourceTree = "<group>";
		};
		B5C0306114EA9DDA00625FFF /* P2P */ = {
			isa = PBXGroup;
			children = (
				B56F44BD1A38FED6009CEEF4 /* BLE_P2PExchange.h */,
				B56F44BE1A38FED6009CEEF4 /* BLE_P2PExchange.m */,
			);
			name = P2P;
			sourceTree = "<group>";
		};
/* End PBXGroup section */

/* Begin PBXNativeTarget section */
		B595D2DA1407C01C00EB1A91 /* reckonMe */ = {
			isa = PBXNativeTarget;
			buildConfigurationList = B595D3191407C01D00EB1A91 /* Build configuration list for PBXNativeTarget "reckonMe" */;
			buildPhases = (
				0BC8B69988EDC3169F318E79 /* Check Pods Manifest.lock */,
				B595D2D71407C01C00EB1A91 /* Sources */,
				B595D2D81407C01C00EB1A91 /* Frameworks */,
				B595D2D91407C01C00EB1A91 /* Resources */,
				3735DF60E80AEFF25359C4D0 /* Copy Pods Resources */,
			);
			buildRules = (
			);
			dependencies = (
			);
			name = reckonMe;
			productName = reckonMe;
			productReference = B595D2DB1407C01C00EB1A91 /* reckonMe.app */;
			productType = "com.apple.product-type.application";
		};
		B595D3041407C01C00EB1A91 /* reckonMeTests */ = {
			isa = PBXNativeTarget;
			buildConfigurationList = B595D31C1407C01D00EB1A91 /* Build configuration list for PBXNativeTarget "reckonMeTests" */;
			buildPhases = (
				B595D3001407C01C00EB1A91 /* Sources */,
				B595D3011407C01C00EB1A91 /* Frameworks */,
				B595D3021407C01C00EB1A91 /* Resources */,
				B595D3031407C01C00EB1A91 /* ShellScript */,
			);
			buildRules = (
			);
			dependencies = (
				B595D30C1407C01C00EB1A91 /* PBXTargetDependency */,
			);
			name = reckonMeTests;
			productName = reckonMeTests;
			productReference = B595D3051407C01C00EB1A91 /* reckonMeTests.octest */;
			productType = "com.apple.product-type.bundle.ocunit-test";
		};
/* End PBXNativeTarget section */

/* Begin PBXProject section */
		B595D2D21407C01C00EB1A91 /* Project object */ = {
			isa = PBXProject;
			attributes = {
				LastTestingUpgradeCheck = 0630;
				LastUpgradeCheck = 0610;
				TargetAttributes = {
					B595D2DA1407C01C00EB1A91 = {
						DevelopmentTeam = 89999A5LYT;
					};
				};
			};
			buildConfigurationList = B595D2D51407C01C00EB1A91 /* Build configuration list for PBXProject "reckonMe" */;
			compatibilityVersion = "Xcode 3.2";
			developmentRegion = English;
			hasScannedForEncodings = 0;
			knownRegions = (
				en,
			);
			mainGroup = B595D2D01407C01C00EB1A91;
			productRefGroup = B595D2DC1407C01C00EB1A91 /* Products */;
			projectDirPath = "";
			projectRoot = "";
			targets = (
				B595D2DA1407C01C00EB1A91 /* reckonMe */,
				B595D3041407C01C00EB1A91 /* reckonMeTests */,
			);
		};
/* End PBXProject section */

/* Begin PBXResourcesBuildPhase section */
		B595D2D91407C01C00EB1A91 /* Resources */ = {
			isa = PBXResourcesBuildPhase;
			buildActionMask = 2147483647;
			files = (
				8E9CDE5015B8680400ADDC7E /* test03-ACC.txt in Resources */,
				8E9CDE5115B8680400ADDC7E /* test03-GYRO.txt in Resources */,
				B595D2EA1407C01C00EB1A91 /* InfoPlist.strings in Resources */,
				B595D2F31407C01C00EB1A91 /* MainWindow.xib in Resources */,
				B5403E631ABE133C00779B4D /* CompassWithoutCircleLarge.pdf in Resources */,
				B5BD2DE01ACB4BD7001C22ED /* fullSignal.pdf in Resources */,
				B582BFF71ABF02020049A0EE /* pedestrian.pdf in Resources */,
				B514BFC51A9FCA8900932149 /* dfki-2.OG-trimmed.png in Resources */,
				8E07EF49143240B500451568 /* pdr-icon-retina.png in Resources */,
				8E07EF4B1432416800451568 /* pdr-icon.png in Resources */,
				B51D3D6C1AC367610059BE17 /* Images.xcassets in Resources */,
				B5BD2DE11ACB4BD7001C22ED /* lowSignal.pdf in Resources */,
				8E3AF9FF1436159A00D88C95 /* settings.png in Resources */,
				8E3AFA001436159A00D88C95 /* settings@2x.png in Resources */,
				B5DD31BA14FD2DF0006D1F35 /* cymbalsShort.aiff in Resources */,
				B572E5BB1582215100132C40 /* itz-floorplanRotated.pdf in Resources */,
				8E5C0B22159A031700E1D21C /* gps-arrow.png in Resources */,
				8E5C0B23159A031700E1D21C /* gps-arrow@2x.png in Resources */,
				8E5C0B4A159B77C000E1D21C /* gps-round-button-depressed.png in Resources */,
				8E5C0B4B159B77C000E1D21C /* gps-round-button-depressed@2x.png in Resources */,
				8E5C0B4D159C72A200E1D21C /* gps-round-button-pressed@2x.png in Resources */,
				8E5C0B58159C7B5600E1D21C /* gps-round-button-pressed.png in Resources */,
				B58C6B5D15A097D8005A88CD /* itz-grayHalf.png in Resources */,
				B5F5D11815A597CB007C52F1 /* SettingsViewController.xib in Resources */,
				8E58B4C216B02BDA009989C9 /* test04-ACC.txt in Resources */,
				8E58B4C316B02BE2009989C9 /* test04-GYRO.txt in Resources */,
			);
			runOnlyForDeploymentPostprocessing = 0;
		};
		B595D3021407C01C00EB1A91 /* Resources */ = {
			isa = PBXResourcesBuildPhase;
			buildActionMask = 2147483647;
			files = (
				B595D3121407C01D00EB1A91 /* InfoPlist.strings in Resources */,
				B595D3141407C01D00EB1A91 /* PDRTests.h in Resources */,
				8E9CDE4E15B859C300ADDC7E /* test03-ACC.txt in Resources */,
				8E9CDE4F15B859C300ADDC7E /* test03-GYRO.txt in Resources */,
				8E58B4C016B02B0E009989C9 /* test04-ACC.txt in Resources */,
				8E58B4C116B02B0E009989C9 /* test04-GYRO.txt in Resources */,
			);
			runOnlyForDeploymentPostprocessing = 0;
		};
/* End PBXResourcesBuildPhase section */

/* Begin PBXShellScriptBuildPhase section */
		0BC8B69988EDC3169F318E79 /* Check Pods Manifest.lock */ = {
			isa = PBXShellScriptBuildPhase;
			buildActionMask = 2147483647;
			files = (
			);
			inputPaths = (
			);
			name = "Check Pods Manifest.lock";
			outputPaths = (
			);
			runOnlyForDeploymentPostprocessing = 0;
			shellPath = /bin/sh;
			shellScript = "diff \"${PODS_ROOT}/../Podfile.lock\" \"${PODS_ROOT}/Manifest.lock\" > /dev/null\nif [[ $? != 0 ]] ; then\n    cat << EOM\nerror: The sandbox is not in sync with the Podfile.lock. Run 'pod install' or update your CocoaPods installation.\nEOM\n    exit 1\nfi\n";
			showEnvVarsInLog = 0;
		};
		3735DF60E80AEFF25359C4D0 /* Copy Pods Resources */ = {
			isa = PBXShellScriptBuildPhase;
			buildActionMask = 2147483647;
			files = (
			);
			inputPaths = (
			);
			name = "Copy Pods Resources";
			outputPaths = (
			);
			runOnlyForDeploymentPostprocessing = 0;
			shellPath = /bin/sh;
			shellScript = "\"${SRCROOT}/Pods/Target Support Files/Pods-reckonMe/Pods-reckonMe-resources.sh\"\n";
			showEnvVarsInLog = 0;
		};
		B595D3031407C01C00EB1A91 /* ShellScript */ = {
			isa = PBXShellScriptBuildPhase;
			buildActionMask = 2147483647;
			files = (
			);
			inputPaths = (
			);
			outputPaths = (
			);
			runOnlyForDeploymentPostprocessing = 0;
			shellPath = /bin/sh;
			shellScript = "# Run the unit tests in this test bundle.\n\"${SYSTEM_DEVELOPER_DIR}/Tools/RunUnitTests\"\n";
		};
/* End PBXShellScriptBuildPhase section */

/* Begin PBXSourcesBuildPhase section */
		B595D2D71407C01C00EB1A91 /* Sources */ = {
			isa = PBXSourcesBuildPhase;
			buildActionMask = 2147483647;
			files = (
				B595D2EC1407C01C00EB1A91 /* main.m in Sources */,
				B595D2F01407C01C00EB1A91 /* PDRAppDelegate.mm in Sources */,
				B56F44BF1A38FED6009CEEF4 /* BLE_P2PExchange.m in Sources */,
				B595D2F61407C01C00EB1A91 /* FirstViewController.mm in Sources */,
				8E08B585141E04AD0023729B /* matlab-utils.cpp in Sources */,
				B5499E811425E85700BA7177 /* AbstractSensor.m in Sources */,
				B582BFF41ABEFB1F0049A0EE /* PeerAnnotation.m in Sources */,
				B5499E831425E85700BA7177 /* Gyroscope.m in Sources */,
				B5499E841425E85700BA7177 /* CompassAndGPS.m in Sources */,
				8E9F366B14297D64006CE285 /* PDRController.mm in Sources */,
				8E9F366C14297D9C006CE285 /* LocationEntry.m in Sources */,
				8E0318E0143513210014FB18 /* SettingsViewController.mm in Sources */,
				B5617661146ABD4000945446 /* PantsPocketDetector.m in Sources */,
				B5DF906B147D0DB900A39293 /* AlertSoundPlayer.m in Sources */,
				B59BD119156443DB00433C17 /* GeodeticProjection.m in Sources */,
				B53AAF89156A7C3E00714192 /* OutdoorMapView.m in Sources */,
				B59295B2157F66FB008380CE /* PinAnnotation.m in Sources */,
				B5D068B91581ED8D005A1C83 /* FloorPlanOverlay.m in Sources */,
				B5D068BD1581EDC6005A1C83 /* FloorPlanOverlayView.m in Sources */,
				B5FF80361590D55200B3601C /* PathCopyAnnotation.m in Sources */,
				B537006C15B7092A00757BE0 /* Settings.m in Sources */,
			);
			runOnlyForDeploymentPostprocessing = 0;
		};
		B595D3001407C01C00EB1A91 /* Sources */ = {
			isa = PBXSourcesBuildPhase;
			buildActionMask = 2147483647;
			files = (
				8EDDDF98152B4C06007D31B4 /* PDRTests.mm in Sources */,
				8EDDDF9B152B4C64007D31B4 /* FakeCMDeviceMotion.m in Sources */,
			);
			runOnlyForDeploymentPostprocessing = 0;
		};
/* End PBXSourcesBuildPhase section */

/* Begin PBXTargetDependency section */
		B595D30C1407C01C00EB1A91 /* PBXTargetDependency */ = {
			isa = PBXTargetDependency;
			target = B595D2DA1407C01C00EB1A91 /* reckonMe */;
			targetProxy = B595D30B1407C01C00EB1A91 /* PBXContainerItemProxy */;
		};
/* End PBXTargetDependency section */

/* Begin PBXVariantGroup section */
		B595D2E81407C01C00EB1A91 /* InfoPlist.strings */ = {
			isa = PBXVariantGroup;
			children = (
				B595D2E91407C01C00EB1A91 /* en */,
			);
			name = InfoPlist.strings;
			sourceTree = "<group>";
		};
		B595D2F11407C01C00EB1A91 /* MainWindow.xib */ = {
			isa = PBXVariantGroup;
			children = (
				B595D2F21407C01C00EB1A91 /* en */,
			);
			name = MainWindow.xib;
			sourceTree = "<group>";
		};
		B595D3101407C01D00EB1A91 /* InfoPlist.strings */ = {
			isa = PBXVariantGroup;
			children = (
				B595D3111407C01D00EB1A91 /* en */,
			);
			name = InfoPlist.strings;
			sourceTree = "<group>";
		};
/* End PBXVariantGroup section */

/* Begin XCBuildConfiguration section */
		B595D3171407C01D00EB1A91 /* Debug */ = {
			isa = XCBuildConfiguration;
			buildSettings = {
				ALWAYS_SEARCH_USER_PATHS = YES;
				"ALWAYS_SEARCH_USER_PATHS[arch=*]" = YES;
				CLANG_CXX_LANGUAGE_STANDARD = "compiler-default";
				CLANG_CXX_LIBRARY = "libc++";
				CLANG_WARN_CXX0X_EXTENSIONS = NO;
				CODE_SIGN_IDENTITY = "iPhone Developer";
				"CODE_SIGN_IDENTITY[sdk=iphoneos*]" = "iPhone Developer";
				COPY_PHASE_STRIP = NO;
				GCC_C_LANGUAGE_STANDARD = "compiler-default";
				GCC_DYNAMIC_NO_PIC = NO;
				GCC_OPTIMIZATION_LEVEL = 0;
				GCC_PREPROCESSOR_DEFINITIONS = (
					"DEBUG=1",
					"$(inherited)",
				);
				GCC_SYMBOLS_PRIVATE_EXTERN = NO;
				GCC_VERSION = "";
				GCC_WARN_ABOUT_MISSING_PROTOTYPES = NO;
				GCC_WARN_ABOUT_RETURN_TYPE = YES;
				GCC_WARN_UNUSED_VARIABLE = YES;
				HEADER_SEARCH_PATHS = (
					"../**",
					"$(inherited)",
				);
				IPHONEOS_DEPLOYMENT_TARGET = 8.0;
				ONLY_ACTIVE_ARCH = YES;
				OTHER_CPLUSPLUSFLAGS = "$(OTHER_CFLAGS)";
				OTHER_LDFLAGS = "";
				PROVISIONING_PROFILE = "";
				"PROVISIONING_PROFILE[sdk=iphoneos*]" = "";
				SDKROOT = iphoneos;
			};
			name = Debug;
		};
		B595D3181407C01D00EB1A91 /* Release */ = {
			isa = XCBuildConfiguration;
			buildSettings = {
				ALWAYS_SEARCH_USER_PATHS = YES;
				CLANG_CXX_LANGUAGE_STANDARD = "compiler-default";
				CLANG_CXX_LIBRARY = "libc++";
				CLANG_WARN_CXX0X_EXTENSIONS = NO;
				CODE_SIGN_IDENTITY = "iPhone Developer";
				"CODE_SIGN_IDENTITY[sdk=iphoneos*]" = "iPhone Developer";
				COPY_PHASE_STRIP = YES;
				GCC_C_LANGUAGE_STANDARD = "compiler-default";
				GCC_VERSION = "";
				GCC_WARN_ABOUT_MISSING_PROTOTYPES = NO;
				GCC_WARN_ABOUT_RETURN_TYPE = YES;
				GCC_WARN_UNUSED_VARIABLE = YES;
				HEADER_SEARCH_PATHS = (
					"../**",
					"$(inherited)",
				);
				IPHONEOS_DEPLOYMENT_TARGET = 8.0;
				OTHER_CFLAGS = "";
				OTHER_CPLUSPLUSFLAGS = "$(OTHER_CFLAGS)";
				OTHER_LDFLAGS = "";
				PROVISIONING_PROFILE = "";
				"PROVISIONING_PROFILE[sdk=iphoneos*]" = "";
				SDKROOT = iphoneos;
				VALIDATE_PRODUCT = YES;
			};
			name = Release;
		};
		B595D31A1407C01D00EB1A91 /* Debug */ = {
			isa = XCBuildConfiguration;
			baseConfigurationReference = 74600FE66BE57AD0402645C4 /* Pods-reckonMe.debug.xcconfig */;
			buildSettings = {
				ASSETCATALOG_COMPILER_APPICON_NAME = AppIcon;
				ASSETCATALOG_COMPILER_LAUNCHIMAGE_NAME = LaunchImage;
				CODE_SIGN_IDENTITY = "iPhone Developer";
				"CODE_SIGN_IDENTITY[sdk=iphoneos*]" = "iPhone Developer";
				FRAMEWORK_SEARCH_PATHS = "";
				GCC_PRECOMPILE_PREFIX_HEADER = YES;
				GCC_PREFIX_HEADER = "Classes/reckonMe-Prefix.pch";
				GCC_PREPROCESSOR_DEFINITIONS = "$(inherited)";
				"GCC_PREPROCESSOR_DEFINITIONS[arch=*]" = "";
				GCC_VERSION = "";
				HEADER_SEARCH_PATHS = (
					/usr/local/include,
					"../**",
					"${BUILT_PRODUCTS_DIR}/**",
				);
				INFOPLIST_FILE = "Classes/reckonMe-Info.plist";
				IPHONEOS_DEPLOYMENT_TARGET = 8.0;
				LIBRARY_SEARCH_PATHS = "$(inherited)";
				OTHER_CPLUSPLUSFLAGS = "$(OTHER_CFLAGS)";
				PRODUCT_NAME = reckonMe;
				PROVISIONING_PROFILE = "";
				"PROVISIONING_PROFILE[sdk=iphoneos*]" = "";
				WRAPPER_EXTENSION = app;
			};
			name = Debug;
		};
		B595D31B1407C01D00EB1A91 /* Release */ = {
			isa = XCBuildConfiguration;
			baseConfigurationReference = D97F5BFD9BE63397CD1E84F5 /* Pods-reckonMe.release.xcconfig */;
			buildSettings = {
				ASSETCATALOG_COMPILER_APPICON_NAME = AppIcon;
				ASSETCATALOG_COMPILER_LAUNCHIMAGE_NAME = LaunchImage;
				CODE_SIGN_IDENTITY = "iPhone Developer";
				"CODE_SIGN_IDENTITY[sdk=iphoneos*]" = "iPhone Developer";
				FRAMEWORK_SEARCH_PATHS = "";
				GCC_PRECOMPILE_PREFIX_HEADER = YES;
				GCC_PREFIX_HEADER = "Classes/reckonMe-Prefix.pch";
				GCC_PREPROCESSOR_DEFINITIONS_NOT_USED_IN_PRECOMPS = "";
				GCC_VERSION = "";
				HEADER_SEARCH_PATHS = (
					/usr/local/include,
					"../**",
					"${BUILT_PRODUCTS_DIR}/**",
				);
				INFOPLIST_FILE = "Classes/reckonMe-Info.plist";
				IPHONEOS_DEPLOYMENT_TARGET = 8.0;
				LIBRARY_SEARCH_PATHS = "$(inherited)";
				OTHER_CPLUSPLUSFLAGS = "$(OTHER_CFLAGS)";
				PRODUCT_NAME = reckonMe;
				PROVISIONING_PROFILE = "";
				"PROVISIONING_PROFILE[sdk=iphoneos*]" = "";
				WRAPPER_EXTENSION = app;
			};
			name = Release;
		};
		B595D31D1407C01D00EB1A91 /* Debug */ = {
			isa = XCBuildConfiguration;
			buildSettings = {
				BUNDLE_LOADER = "$(BUILT_PRODUCTS_DIR)/reckonMe.app/reckonMe";
				FRAMEWORK_SEARCH_PATHS = (
					"$(SDKROOT)/Developer/Library/Frameworks",
					"$(DEVELOPER_LIBRARY_DIR)/Frameworks",
				);
				GCC_PRECOMPILE_PREFIX_HEADER = YES;
				GCC_PREFIX_HEADER = "Classes/reckonMe-Prefix.pch";
				GCC_VERSION = com.apple.compilers.llvm.clang.1_0;
				INFOPLIST_FILE = "Tests/reckonMeTests-Info.plist";
				PRODUCT_NAME = reckonMeTests;
				TEST_HOST = "$(BUNDLE_LOADER)";
				WRAPPER_EXTENSION = octest;
			};
			name = Debug;
		};
		B595D31E1407C01D00EB1A91 /* Release */ = {
			isa = XCBuildConfiguration;
			buildSettings = {
				BUNDLE_LOADER = "$(BUILT_PRODUCTS_DIR)/reckonMe.app/reckonMe";
				FRAMEWORK_SEARCH_PATHS = (
					"$(SDKROOT)/Developer/Library/Frameworks",
					"$(DEVELOPER_LIBRARY_DIR)/Frameworks",
				);
				GCC_PRECOMPILE_PREFIX_HEADER = YES;
				GCC_PREFIX_HEADER = "Classes/reckonMe-Prefix.pch";
				GCC_VERSION = com.apple.compilers.llvm.clang.1_0;
				INFOPLIST_FILE = "Tests/reckonMeTests-Info.plist";
				PRODUCT_NAME = reckonMeTests;
				TEST_HOST = "$(BUNDLE_LOADER)";
				WRAPPER_EXTENSION = octest;
			};
			name = Release;
		};
/* End XCBuildConfiguration section */

/* Begin XCConfigurationList section */
		B595D2D51407C01C00EB1A91 /* Build configuration list for PBXProject "reckonMe" */ = {
			isa = XCConfigurationList;
			buildConfigurations = (
				B595D3171407C01D00EB1A91 /* Debug */,
				B595D3181407C01D00EB1A91 /* Release */,
			);
			defaultConfigurationIsVisible = 0;
			defaultConfigurationName = Release;
		};
		B595D3191407C01D00EB1A91 /* Build configuration list for PBXNativeTarget "reckonMe" */ = {
			isa = XCConfigurationList;
			buildConfigurations = (
				B595D31A1407C01D00EB1A91 /* Debug */,
				B595D31B1407C01D00EB1A91 /* Release */,
			);
			defaultConfigurationIsVisible = 0;
			defaultConfigurationName = Release;
		};
		B595D31C1407C01D00EB1A91 /* Build configuration list for PBXNativeTarget "reckonMeTests" */ = {
			isa = XCConfigurationList;
			buildConfigurations = (
				B595D31D1407C01D00EB1A91 /* Debug */,
				B595D31E1407C01D00EB1A91 /* Release */,
			);
			defaultConfigurationIsVisible = 0;
			defaultConfigurationName = Release;
		};
/* End XCConfigurationList section */
	};
	rootObject = B595D2D21407C01C00EB1A91 /* Project object */;
}
