PODS:
  - CocoaLumberjack (1.6)
  - couchbase-lite-ios (1.0.3.1)
  - ios-ntp (1.0.0)
  - Lockbox (1.4.3)
  - NBUCore (1.9.5):
    - CocoaLumberjack (<= 1.6)
    - Lockbox (~> 1.4.2)
    - NBUCore/Additions (= 1.9.5)
    - NBUCore/Dashboard (= 1.9.5)
    - NBUCore/Helpers (= 1.9.5)
    - NBUCore/UI (= 1.9.5)
  - NBUCore/Additions (1.9.5):
    - CocoaLumberjack (<= 1.6)
    - Lockbox (~> 1.4.2)
  - NBUCore/Dashboard (1.9.5):
    - CocoaLumberjack (<= 1.6)
    - Lockbox (~> 1.4.2)
  - NBUCore/Helpers (1.9.5):
    - CocoaLumberjack (<= 1.6)
    - Lockbox (~> 1.4.2)
  - NBUCore/UI (1.9.5):
    - CocoaLumberjack (<= 1.6)
    - Lockbox (~> 1.4.2)
  - proj4 (4.8.0)

DEPENDENCIES:
  - couchbase-lite-ios
  - ios-ntp
  - NBUCore
  - proj4

SPEC CHECKSUMS:
  CocoaLumberjack: ad73b4809fe10ea3f47263c8ab3b55e606bb9453
  couchbase-lite-ios: ad77e90f129f0a2af730a8bb2487a3ec995c0578
  ios-ntp: 03a0bbe1ae51ad85ede763a99ef68dd99b322e83
  Lockbox: 6c53a3dfe0ee74174cd22290ade247be8fb9190f
  NBUCore: a065dafc02c1e3041d5a95663e327fe74834f10a
  proj4: 9eaa37997f1b4f6037f6dedabd1657f27a4d41ed

COCOAPODS: 0.35.0
